// !$*UTF8*$!
{
	archiveVersion = 1;
	classes = {
	};
	objectVersion = 50;
	objects = {

/* Begin PBXBuildFile section */
		9B0E42D52146C70200FAF893 /* AppDelegate.swift in Sources */ = {isa = PBXBuildFile; fileRef = 9B0E42D42146C70200FAF893 /* AppDelegate.swift */; };
		9B0E42D72146C70200FAF893 /* ViewController.swift in Sources */ = {isa = PBXBuildFile; fileRef = 9B0E42D62146C70200FAF893 /* ViewController.swift */; };
		9B0E42DA2146C70200FAF893 /* Main.storyboard in Resources */ = {isa = PBXBuildFile; fileRef = 9B0E42D82146C70200FAF893 /* Main.storyboard */; };
		9B0E42DC2146C70300FAF893 /* Assets.xcassets in Resources */ = {isa = PBXBuildFile; fileRef = 9B0E42DB2146C70300FAF893 /* Assets.xcassets */; };
		9B0E42DF2146C70300FAF893 /* LaunchScreen.storyboard in Resources */ = {isa = PBXBuildFile; fileRef = 9B0E42DD2146C70300FAF893 /* LaunchScreen.storyboard */; };
		9B0E42E72146C7CA00FAF893 /* DetailsWeather.xib in Resources */ = {isa = PBXBuildFile; fileRef = 9B0E42E62146C7CA00FAF893 /* DetailsWeather.xib */; };
		9B0E42E92146C8DB00FAF893 /* DetailsWeather.swift in Sources */ = {isa = PBXBuildFile; fileRef = 9B0E42E82146C8DB00FAF893 /* DetailsWeather.swift */; };
/* End PBXBuildFile section */

/* Begin PBXFileReference section */
		9B0E42D12146C70200FAF893 /* Implement xib.app */ = {isa = PBXFileReference; explicitFileType = wrapper.application; includeInIndex = 0; path = "Implement xib.app"; sourceTree = BUILT_PRODUCTS_DIR; };
		9B0E42D42146C70200FAF893 /* AppDelegate.swift */ = {isa = PBXFileReference; lastKnownFileType = sourcecode.swift; path = AppDelegate.swift; sourceTree = "<group>"; };
		9B0E42D62146C70200FAF893 /* ViewController.swift */ = {isa = PBXFileReference; lastKnownFileType = sourcecode.swift; path = ViewController.swift; sourceTree = "<group>"; };
		9B0E42D92146C70200FAF893 /* Base */ = {isa = PBXFileReference; lastKnownFileType = file.storyboard; name = Base; path = Base.lproj/Main.storyboard; sourceTree = "<group>"; };
		9B0E42DB2146C70300FAF893 /* Assets.xcassets */ = {isa = PBXFileReference; lastKnownFileType = folder.assetcatalog; path = Assets.xcassets; sourceTree = "<group>"; };
		9B0E42DE2146C70300FAF893 /* Base */ = {isa = PBXFileReference; lastKnownFileType = file.storyboard; name = Base; path = Base.lproj/LaunchScreen.storyboard; sourceTree = "<group>"; };
		9B0E42E02146C70300FAF893 /* Info.plist */ = {isa = PBXFileReference; lastKnownFileType = text.plist.xml; path = Info.plist; sourceTree = "<group>"; };
		9B0E42E62146C7CA00FAF893 /* DetailsWeather.xib */ = {isa = PBXFileReference; lastKnownFileType = file.xib; path = DetailsWeather.xib; sourceTree = "<group>"; };
		9B0E42E82146C8DB00FAF893 /* DetailsWeather.swift */ = {isa = PBXFileReference; lastKnownFileType = sourcecode.swift; path = DetailsWeather.swift; sourceTree = "<group>"; };
/* End PBXFileReference section */

/* Begin PBXFrameworksBuildPhase section */
		9B0E42CE2146C70200FAF893 /* Frameworks */ = {
			isa = PBXFrameworksBuildPhase;
			buildActionMask = 2147483647;
			files = (
			);
			runOnlyForDeploymentPostprocessing = 0;
		};
/* End PBXFrameworksBuildPhase section */

/* Begin PBXGroup section */
		9B0E42C82146C70200FAF893 = {
			isa = PBXGroup;
			children = (
				9B0E42D32146C70200FAF893 /* Implement xib */,
				9B0E42D22146C70200FAF893 /* Products */,
			);
			sourceTree = "<group>";
		};
		9B0E42D22146C70200FAF893 /* Products */ = {
			isa = PBXGroup;
			children = (
				9B0E42D12146C70200FAF893 /* Implement xib.app */,
			);
			name = Products;
			sourceTree = "<group>";
		};
		9B0E42D32146C70200FAF893 /* Implement xib */ = {
			isa = PBXGroup;
			children = (
				9B0E42D42146C70200FAF893 /* AppDelegate.swift */,
				9B0E42D62146C70200FAF893 /* ViewController.swift */,
				9B0E42D82146C70200FAF893 /* Main.storyboard */,
				9B0E42E62146C7CA00FAF893 /* DetailsWeather.xib */,
				9B0E42E82146C8DB00FAF893 /* DetailsWeather.swift */,
				9B0E42DB2146C70300FAF893 /* Assets.xcassets */,
				9B0E42DD2146C70300FAF893 /* LaunchScreen.storyboard */,
				9B0E42E02146C70300FAF893 /* Info.plist */,
			);
			path = "Implement xib";
			sourceTree = "<group>";
		};
/* End PBXGroup section */

/* Begin PBXNativeTarget section */
		9B0E42D02146C70200FAF893 /* Implement xib */ = {
			isa = PBXNativeTarget;
			buildConfigurationList = 9B0E42E32146C70300FAF893 /* Build configuration list for PBXNativeTarget "Implement xib" */;
			buildPhases = (
				9B0E42CD2146C70200FAF893 /* Sources */,
				9B0E42CE2146C70200FAF893 /* Frameworks */,
				9B0E42CF2146C70200FAF893 /* Resources */,
			);
			buildRules = (
			);
			dependencies = (
			);
			name = "Implement xib";
			productName = "Implement xib";
			productReference = 9B0E42D12146C70200FAF893 /* Implement xib.app */;
			productType = "com.apple.product-type.application";
		};
/* End PBXNativeTarget section */

/* Begin PBXProject section */
		9B0E42C92146C70200FAF893 /* Project object */ = {
			isa = PBXProject;
			attributes = {
				LastSwiftUpdateCheck = 0940;
				LastUpgradeCheck = 0940;
				ORGANIZATIONNAME = "Mai Pham Quang Huy";
				TargetAttributes = {
					9B0E42D02146C70200FAF893 = {
						CreatedOnToolsVersion = 9.4.1;
					};
				};
			};
			buildConfigurationList = 9B0E42CC2146C70200FAF893 /* Build configuration list for PBXProject "Implement xib" */;
			compatibilityVersion = "Xcode 9.3";
			developmentRegion = en;
			hasScannedForEncodings = 0;
			knownRegions = (
				en,
				Base,
			);
			mainGroup = 9B0E42C82146C70200FAF893;
			productRefGroup = 9B0E42D22146C70200FAF893 /* Products */;
			projectDirPath = "";
			projectRoot = "";
			targets = (
				9B0E42D02146C70200FAF893 /* Implement xib */,
			);
		};
/* End PBXProject section */

/* Begin PBXResourcesBuildPhase section */
		9B0E42CF2146C70200FAF893 /* Resources */ = {
			isa = PBXResourcesBuildPhase;
			buildActionMask = 2147483647;
			files = (
				9B0E42DF2146C70300FAF893 /* LaunchScreen.storyboard in Resources */,
				9B0E42E72146C7CA00FAF893 /* DetailsWeather.xib in Resources */,
				9B0E42DC2146C70300FAF893 /* Assets.xcassets in Resources */,
				9B0E42DA2146C70200FAF893 /* Main.storyboard in Resources */,
			);
			runOnlyForDeploymentPostprocessing = 0;
		};
/* End PBXResourcesBuildPhase section */

/* Begin PBXSourcesBuildPhase section */
		9B0E42CD2146C70200FAF893 /* Sources */ = {
			isa = PBXSourcesBuildPhase;
			buildActionMask = 2147483647;
			files = (
				9B0E42E92146C8DB00FAF893 /* DetailsWeather.swift in Sources */,
				9B0E42D72146C70200FAF893 /* ViewController.swift in Sources */,
				9B0E42D52146C70200FAF893 /* AppDelegate.swift in Sources */,
			);
			runOnlyForDeploymentPostprocessing = 0;
		};
/* End PBXSourcesBuildPhase section */

/* Begin PBXVariantGroup section */
		9B0E42D82146C70200FAF893 /* Main.storyboard */ = {
			isa = PBXVariantGroup;
			children = (
				9B0E42D92146C70200FAF893 /* Base */,
			);
			name = Main.storyboard;
			sourceTree = "<group>";
		};
		9B0E42DD2146C70300FAF893 /* LaunchScreen.storyboard */ = {
			isa = PBXVariantGroup;
			children = (
				9B0E42DE2146C70300FAF893 /* Base */,
			);
			name = LaunchScreen.storyboard;
			sourceTree = "<group>";
		};
/* End PBXVariantGroup section */

/* Begin XCBuildConfiguration section */
		9B0E42E12146C70300FAF893 /* Debug */ = {
			isa = XCBuildConfiguration;
			buildSettings = {
				ALWAYS_SEARCH_USER_PATHS = NO;
				CLANG_ANALYZER_NONNULL = YES;
				CLANG_ANALYZER_NUMBER_OBJECT_CONVERSION = YES_AGGRESSIVE;
				CLANG_CXX_LANGUAGE_STANDARD = "gnu++14";
				CLANG_CXX_LIBRARY = "libc++";
				CLANG_ENABLE_MODULES = YES;
				CLANG_ENABLE_OBJC_ARC = YES;
				CLANG_ENABLE_OBJC_WEAK = YES;
				CLANG_WARN_BLOCK_CAPTURE_AUTORELEASING = YES;
				CLANG_WARN_BOOL_CONVERSION = YES;
				CLANG_WARN_COMMA = YES;
				CLANG_WARN_CONSTANT_CONVERSION = YES;
				CLANG_WARN_DEPRECATED_OBJC_IMPLEMENTATIONS = YES;
				CLANG_WARN_DIRECT_OBJC_ISA_USAGE = YES_ERROR;
				CLANG_WARN_DOCUMENTATION_COMMENTS = YES;
				CLANG_WARN_EMPTY_BODY = YES;
				CLANG_WARN_ENUM_CONVERSION = YES;
				CLANG_WARN_INFINITE_RECURSION = YES;
				CLANG_WARN_INT_CONVERSION = YES;
				CLANG_WARN_NON_LITERAL_NULL_CONVERSION = YES;
				CLANG_WARN_OBJC_IMPLICIT_RETAIN_SELF = YES;
				CLANG_WARN_OBJC_LITERAL_CONVERSION = YES;
				CLANG_WARN_OBJC_ROOT_CLASS = YES_ERROR;
				CLANG_WARN_RANGE_LOOP_ANALYSIS = YES;
				CLANG_WARN_STRICT_PROTOTYPES = YES;
				CLANG_WARN_SUSPICIOUS_MOVE = YES;
				CLANG_WARN_UNGUARDED_AVAILABILITY = YES_AGGRESSIVE;
				CLANG_WARN_UNREACHABLE_CODE = YES;
				CLANG_WARN__DUPLICATE_METHOD_MATCH = YES;
				CODE_SIGN_IDENTITY = "iPhone Developer";
				COPY_PHASE_STRIP = NO;
				DEBUG_INFORMATION_FORMAT = dwarf;
				ENABLE_STRICT_OBJC_MSGSEND = YES;
				ENABLE_TESTABILITY = YES;
				GCC_C_LANGUAGE_STANDARD = gnu11;
				GCC_DYNAMIC_NO_PIC = NO;
				GCC_NO_COMMON_BLOCKS = YES;
				GCC_OPTIMIZATION_LEVEL = 0;
				GCC_PREPROCESSOR_DEFINITIONS = (
					"DEBUG=1",
					"$(inherited)",
				);
				GCC_WARN_64_TO_32_BIT_CONVERSION = YES;
				GCC_WARN_ABOUT_RETURN_TYPE = YES_ERROR;
				GCC_WARN_UNDECLARED_SELECTOR = YES;
				GCC_WARN_UNINITIALIZED_AUTOS = YES_AGGRESSIVE;
				GCC_WARN_UNUSED_FUNCTION = YES;
				GCC_WARN_UNUSED_VARIABLE = YES;
				IPHONEOS_DEPLOYMENT_TARGET = 11.4;
				MTL_ENABLE_DEBUG_INFO = YES;
				ONLY_ACTIVE_ARCH = YES;
				SDKROOT = iphoneos;
				SWIFT_ACTIVE_COMPILATION_CONDITIONS = DEBUG;
				SWIFT_OPTIMIZATION_LEVEL = "-Onone";
			};
			name = Debug;
		};
		9B0E42E22146C70300FAF893 /* Release */ = {
			isa = XCBuildConfiguration;
			buildSettings = {
				ALWAYS_SEARCH_USER_PATHS = NO;
				CLANG_ANALYZER_NONNULL = YES;
				CLANG_ANALYZER_NUMBER_OBJECT_CONVERSION = YES_AGGRESSIVE;
				CLANG_CXX_LANGUAGE_STANDARD = "gnu++14";
				CLANG_CXX_LIBRARY = "libc++";
				CLANG_ENABLE_MODULES = YES;
				CLANG_ENABLE_OBJC_ARC = YES;
				CLANG_ENABLE_OBJC_WEAK = YES;
				CLANG_WARN_BLOCK_CAPTURE_AUTORELEASING = YES;
				CLANG_WARN_BOOL_CONVERSION = YES;
				CLANG_WARN_COMMA = YES;
				CLANG_WARN_CONSTANT_CONVERSION = YES;
				CLANG_WARN_DEPRECATED_OBJC_IMPLEMENTATIONS = YES;
				CLANG_WARN_DIRECT_OBJC_ISA_USAGE = YES_ERROR;
				CLANG_WARN_DOCUMENTATION_COMMENTS = YES;
				CLANG_WARN_EMPTY_BODY = YES;
				CLANG_WARN_ENUM_CONVERSION = YES;
				CLANG_WARN_INFINITE_RECURSION = YES;
				CLANG_WARN_INT_CONVERSION = YES;
				CLANG_WARN_NON_LITERAL_NULL_CONVERSION = YES;
				CLANG_WARN_OBJC_IMPLICIT_RETAIN_SELF = YES;
				CLANG_WARN_OBJC_LITERAL_CONVERSION = YES;
				CLANG_WARN_OBJC_ROOT_CLASS = YES_ERROR;
				CLANG_WARN_RANGE_LOOP_ANALYSIS = YES;
				CLANG_WARN_STRICT_PROTOTYPES = YES;
				CLANG_WARN_SUSPICIOUS_MOVE = YES;
				CLANG_WARN_UNGUARDED_AVAILABILITY = YES_AGGRESSIVE;
				CLANG_WARN_UNREACHABLE_CODE = YES;
				CLANG_WARN__DUPLICATE_METHOD_MATCH = YES;
				CODE_SIGN_IDENTITY = "iPhone Developer";
				COPY_PHASE_STRIP = NO;
				DEBUG_INFORMATION_FORMAT = "dwarf-with-dsym";
				ENABLE_NS_ASSERTIONS = NO;
				ENABLE_STRICT_OBJC_MSGSEND = YES;
				GCC_C_LANGUAGE_STANDARD = gnu11;
				GCC_NO_COMMON_BLOCKS = YES;
				GCC_WARN_64_TO_32_BIT_CONVERSION = YES;
				GCC_WARN_ABOUT_RETURN_TYPE = YES_ERROR;
				GCC_WARN_UNDECLARED_SELECTOR = YES;
				GCC_WARN_UNINITIALIZED_AUTOS = YES_AGGRESSIVE;
				GCC_WARN_UNUSED_FUNCTION = YES;
				GCC_WARN_UNUSED_VARIABLE = YES;
				IPHONEOS_DEPLOYMENT_TARGET = 11.4;
				MTL_ENABLE_DEBUG_INFO = NO;
				SDKROOT = iphoneos;
				SWIFT_COMPILATION_MODE = wholemodule;
				SWIFT_OPTIMIZATION_LEVEL = "-O";
				VALIDATE_PRODUCT = YES;
			};
			name = Release;
		};
		9B0E42E42146C70300FAF893 /* Debug */ = {
			isa = XCBuildConfiguration;
			buildSettings = {
				ASSETCATALOG_COMPILER_APPICON_NAME = AppIcon;
				CODE_SIGN_STYLE = Automatic;
				DEVELOPMENT_TEAM = V9GJP5DXQZ;
				INFOPLIST_FILE = "Implement xib/Info.plist";
				LD_RUNPATH_SEARCH_PATHS = (
					"$(inherited)",
					"@executable_path/Frameworks",
				);
				PRODUCT_BUNDLE_IDENTIFIER = "com.rmit.Implement-xib";
				PRODUCT_NAME = "$(TARGET_NAME)";
				SWIFT_VERSION = 4.0;
				TARGETED_DEVICE_FAMILY = "1,2";
			};
			name = Debug;
		};
		9B0E42E52146C70300FAF893 /* Release */ = {
			isa = XCBuildConfiguration;
			buildSettings = {
				ASSETCATALOG_COMPILER_APPICON_NAME = AppIcon;
				CODE_SIGN_STYLE = Automatic;
				DEVELOPMENT_TEAM = V9GJP5DXQZ;
				INFOPLIST_FILE = "Implement xib/Info.plist";
				LD_RUNPATH_SEARCH_PATHS = (
					"$(inherited)",
					"@executable_path/Frameworks",
				);
				PRODUCT_BUNDLE_IDENTIFIER = "com.rmit.Implement-xib";
				PRODUCT_NAME = "$(TARGET_NAME)";
				SWIFT_VERSION = 4.0;
				TARGETED_DEVICE_FAMILY = "1,2";
			};
			name = Release;
		};
/* End XCBuildConfiguration section */

/* Begin XCConfigurationList section */
		9B0E42CC2146C70200FAF893 /* Build configuration list for PBXProject "Implement xib" */ = {
			isa = XCConfigurationList;
			buildConfigurations = (
				9B0E42E12146C70300FAF893 /* Debug */,
				9B0E42E22146C70300FAF893 /* Release */,
			);
			defaultConfigurationIsVisible = 0;
			defaultConfigurationName = Release;
		};
		9B0E42E32146C70300FAF893 /* Build configuration list for PBXNativeTarget "Implement xib" */ = {
			isa = XCConfigurationList;
			buildConfigurations = (
				9B0E42E42146C70300FAF893 /* Debug */,
				9B0E42E52146C70300FAF893 /* Release */,
			);
			defaultConfigurationIsVisible = 0;
			defaultConfigurationName = Release;
		};
/* End XCConfigurationList section */
	};
	rootObject = 9B0E42C92146C70200FAF893 /* Project object */;
}
